
Microsoft Visual Studio Solution File, Format Version 12.00
# Visual Studio Version 16
VisualStudioVersion = 16.0.29728.190
MinimumVisualStudioVersion = 10.0.40219.1
Project("{9A19103F-16F7-4668-BE54-9A1E7A4F7556}") = "PyNet", "PyNet\PyNet.csproj", "{3FC95167-FA2D-4343-8180-00C8DE458DAE}"
EndProject
Project("{9A19103F-16F7-4668-BE54-9A1E7A4F7556}") = "PyNet.Test", "PyNet.Test\PyNet.Test.csproj", "{CA6547D6-5FB4-48BE-AF05-FC812113F797}"
EndProject
Project("{9A19103F-16F7-4668-BE54-9A1E7A4F7556}") = "PyNet.Sample.Net", "PyNet.Sample\PyNet.Sample.Net.csproj", "{51C6BB52-E84A-4E2C-BAC0-5E885D9045DA}"
EndProject
Project("{888888A0-9F3D-457C-B088-3A5042F75D52}") = "PyNet.Sample.Python", "PyNet.Sample\PyNet.Sample.Python.pyproj", "{81AAC29A-F384-4245-AFB2-4320E1A35277}"
EndProject
Project("{9A19103F-16F7-4668-BE54-9A1E7A4F7556}") = "PyNet.BinariesExtractor", "PyNet.BinariesExtractor\PyNet.BinariesExtractor.csproj", "{1CFD7EC9-5821-4F9E-A912-DD03B26BAB09}"
EndProject
Global
	GlobalSection(SolutionConfigurationPlatforms) = preSolution
		Debug|Any CPU = Debug|Any CPU
		Debug|x64 = Debug|x64
		Debug|x86 = Debug|x86
		Release|Any CPU = Release|Any CPU
		Release|x64 = Release|x64
		Release|x86 = Release|x86
	EndGlobalSection
	GlobalSection(ProjectConfigurationPlatforms) = postSolution
		{3FC95167-FA2D-4343-8180-00C8DE458DAE}.Debug|Any CPU.ActiveCfg = Debug|Any CPU
		{3FC95167-FA2D-4343-8180-00C8DE458DAE}.Debug|Any CPU.Build.0 = Debug|Any CPU
		{3FC95167-FA2D-4343-8180-00C8DE458DAE}.Debug|x64.ActiveCfg = Debug|Any CPU
		{3FC95167-FA2D-4343-8180-00C8DE458DAE}.Debug|x64.Build.0 = Debug|Any CPU
		{3FC95167-FA2D-4343-8180-00C8DE458DAE}.Debug|x86.ActiveCfg = Debug|Any CPU
		{3FC95167-FA2D-4343-8180-00C8DE458DAE}.Debug|x86.Build.0 = Debug|Any CPU
		{3FC95167-FA2D-4343-8180-00C8DE458DAE}.Release|Any CPU.ActiveCfg = Release|Any CPU
		{3FC95167-FA2D-4343-8180-00C8DE458DAE}.Release|Any CPU.Build.0 = Release|Any CPU
		{3FC95167-FA2D-4343-8180-00C8DE458DAE}.Release|x64.ActiveCfg = Release|Any CPU
		{3FC95167-FA2D-4343-8180-00C8DE458DAE}.Release|x64.Build.0 = Release|Any CPU
		{3FC95167-FA2D-4343-8180-00C8DE458DAE}.Release|x86.ActiveCfg = Release|Any CPU
		{3FC95167-FA2D-4343-8180-00C8DE458DAE}.Release|x86.Build.0 = Release|Any CPU
		{CA6547D6-5FB4-48BE-AF05-FC812113F797}.Debug|Any CPU.ActiveCfg = Debug|Any CPU
		{CA6547D6-5FB4-48BE-AF05-FC812113F797}.Debug|Any CPU.Build.0 = Debug|Any CPU
		{CA6547D6-5FB4-48BE-AF05-FC812113F797}.Debug|x64.ActiveCfg = Debug|Any CPU
		{CA6547D6-5FB4-48BE-AF05-FC812113F797}.Debug|x64.Build.0 = Debug|Any CPU
		{CA6547D6-5FB4-48BE-AF05-FC812113F797}.Debug|x86.ActiveCfg = Debug|Any CPU
		{CA6547D6-5FB4-48BE-AF05-FC812113F797}.Debug|x86.Build.0 = Debug|Any CPU
		{CA6547D6-5FB4-48BE-AF05-FC812113F797}.Release|Any CPU.ActiveCfg = Release|Any CPU
		{CA6547D6-5FB4-48BE-AF05-FC812113F797}.Release|Any CPU.Build.0 = Release|Any CPU
		{CA6547D6-5FB4-48BE-AF05-FC812113F797}.Release|x64.ActiveCfg = Release|Any CPU
		{CA6547D6-5FB4-48BE-AF05-FC812113F797}.Release|x64.Build.0 = Release|Any CPU
		{CA6547D6-5FB4-48BE-AF05-FC812113F797}.Release|x86.ActiveCfg = Release|Any CPU
		{CA6547D6-5FB4-48BE-AF05-FC812113F797}.Release|x86.Build.0 = Release|Any CPU
		{51C6BB52-E84A-4E2C-BAC0-5E885D9045DA}.Debug|Any CPU.ActiveCfg = Debug|Any CPU
		{51C6BB52-E84A-4E2C-BAC0-5E885D9045DA}.Debug|Any CPU.Build.0 = Debug|Any CPU
		{51C6BB52-E84A-4E2C-BAC0-5E885D9045DA}.Debug|x64.ActiveCfg = Debug|Any CPU
		{51C6BB52-E84A-4E2C-BAC0-5E885D9045DA}.Debug|x64.Build.0 = Debug|Any CPU
		{51C6BB52-E84A-4E2C-BAC0-5E885D9045DA}.Debug|x86.ActiveCfg = Debug|Any CPU
		{51C6BB52-E84A-4E2C-BAC0-5E885D9045DA}.Debug|x86.Build.0 = Debug|Any CPU
		{51C6BB52-E84A-4E2C-BAC0-5E885D9045DA}.Release|Any CPU.ActiveCfg = Release|Any CPU
		{51C6BB52-E84A-4E2C-BAC0-5E885D9045DA}.Release|Any CPU.Build.0 = Release|Any CPU
		{51C6BB52-E84A-4E2C-BAC0-5E885D9045DA}.Release|x64.ActiveCfg = Release|Any CPU
		{51C6BB52-E84A-4E2C-BAC0-5E885D9045DA}.Release|x64.Build.0 = Release|Any CPU
		{51C6BB52-E84A-4E2C-BAC0-5E885D9045DA}.Release|x86.ActiveCfg = Release|Any CPU
		{51C6BB52-E84A-4E2C-BAC0-5E885D9045DA}.Release|x86.Build.0 = Release|Any CPU
		{81AAC29A-F384-4245-AFB2-4320E1A35277}.Debug|Any CPU.ActiveCfg = Debug|Any CPU
		{81AAC29A-F384-4245-AFB2-4320E1A35277}.Debug|x64.ActiveCfg = Debug|Any CPU
		{81AAC29A-F384-4245-AFB2-4320E1A35277}.Debug|x86.ActiveCfg = Debug|Any CPU
		{81AAC29A-F384-4245-AFB2-4320E1A35277}.Release|Any CPU.ActiveCfg = Release|Any CPU
		{81AAC29A-F384-4245-AFB2-4320E1A35277}.Release|x64.ActiveCfg = Release|Any CPU
		{81AAC29A-F384-4245-AFB2-4320E1A35277}.Release|x86.ActiveCfg = Release|Any CPU
		{1CFD7EC9-5821-4F9E-A912-DD03B26BAB09}.Debug|Any CPU.ActiveCfg = Debug|Any CPU
		{1CFD7EC9-5821-4F9E-A912-DD03B26BAB09}.Debug|Any CPU.Build.0 = Debug|Any CPU
		{1CFD7EC9-5821-4F9E-A912-DD03B26BAB09}.Debug|x64.ActiveCfg = Debug|Any CPU
		{1CFD7EC9-5821-4F9E-A912-DD03B26BAB09}.Debug|x64.Build.0 = Debug|Any CPU
		{1CFD7EC9-5821-4F9E-A912-DD03B26BAB09}.Debug|x86.ActiveCfg = Debug|Any CPU
		{1CFD7EC9-5821-4F9E-A912-DD03B26BAB09}.Debug|x86.Build.0 = Debug|Any CPU
		{1CFD7EC9-5821-4F9E-A912-DD03B26BAB09}.Release|Any CPU.ActiveCfg = Release|Any CPU
		{1CFD7EC9-5821-4F9E-A912-DD03B26BAB09}.Release|Any CPU.Build.0 = Release|Any CPU
		{1CFD7EC9-5821-4F9E-A912-DD03B26BAB09}.Release|x64.ActiveCfg = Release|Any CPU
		{1CFD7EC9-5821-4F9E-A912-DD03B26BAB09}.Release|x64.Build.0 = Release|Any CPU
		{1CFD7EC9-5821-4F9E-A912-DD03B26BAB09}.Release|x86.ActiveCfg = Release|Any CPU
		{1CFD7EC9-5821-4F9E-A912-DD03B26BAB09}.Release|x86.Build.0 = Release|Any CPU
	EndGlobalSection
	GlobalSection(SolutionProperties) = preSolution
		HideSolutionNode = FALSE
	EndGlobalSection
	GlobalSection(ExtensibilityGlobals) = postSolution
		SolutionGuid = {DE41C503-F373-4798-B657-4576869B5DF4}
	EndGlobalSection
EndGlobal
